
Microsoft Visual Studio Solution File, Format Version 12.00
Project("{FAE04EC0-301F-11D3-BF4B-00C04F79EFBC}") = "1.04", "1.04\1.04.csproj", "{F9D3D2E7-2AFF-4A5E-A339-6EEF1B98184F}"
EndProject
Global
	GlobalSection(SolutionConfigurationPlatforms) = preSolution
		Debug|Any CPU = Debug|Any CPU
		Release|Any CPU = Release|Any CPU
	EndGlobalSection
	GlobalSection(ProjectConfigurationPlatforms) = postSolution
		{F9D3D2E7-2AFF-4A5E-A339-6EEF1B98184F}.Debug|Any CPU.ActiveCfg = Debug|Any CPU
		{F9D3D2E7-2AFF-4A5E-A339-6EEF1B98184F}.Debug|Any CPU.Build.0 = Debug|Any CPU
		{F9D3D2E7-2AFF-4A5E-A339-6EEF1B98184F}.Release|Any CPU.ActiveCfg = Release|Any CPU
		{F9D3D2E7-2AFF-4A5E-A339-6EEF1B98184F}.Release|Any CPU.Build.0 = Release|Any CPU
	EndGlobalSection
EndGlobal
